
Microsoft Visual Studio Solution File, Format Version 12.00
# Visual Studio Version 16
VisualStudioVersion = 16.0.31702.278
MinimumVisualStudioVersion = 10.0.40219.1
Project("{FAE04EC0-301F-11D3-BF4B-00C04F79EFBC}") = "Practica240921", "Practica240921\Practica240921.csproj", "{91C981A3-EFEE-4EF7-81C9-7646471BC1C3}"
EndProject
Global
	GlobalSection(SolutionConfigurationPlatforms) = preSolution
		Debug|Any CPU = Debug|Any CPU
		Release|Any CPU = Release|Any CPU
	EndGlobalSection
	GlobalSection(ProjectConfigurationPlatforms) = postSolution
		{91C981A3-EFEE-4EF7-81C9-7646471BC1C3}.Debug|Any CPU.ActiveCfg = Debug|Any CPU
		{91C981A3-EFEE-4EF7-81C9-7646471BC1C3}.Debug|Any CPU.Build.0 = Debug|Any CPU
		{91C981A3-EFEE-4EF7-81C9-7646471BC1C3}.Release|Any CPU.ActiveCfg = Release|Any CPU
		{91C981A3-EFEE-4EF7-81C9-7646471BC1C3}.Release|Any CPU.Build.0 = Release|Any CPU
	EndGlobalSection
	GlobalSection(SolutionProperties) = preSolution
		HideSolutionNode = FALSE
	EndGlobalSection
	GlobalSection(ExtensibilityGlobals) = postSolution
		SolutionGuid = {40C9C067-C193-4846-908C-8DEB33F00611}
	EndGlobalSection
EndGlobal
